
Microsoft Visual Studio Solution File, Format Version 12.00
# Visual Studio Version 16
VisualStudioVersion = 16.0.32126.315
MinimumVisualStudioVersion = 10.0.40219.1
Project("{FAE04EC0-301F-11D3-BF4B-00C04F79EFBC}") = "ProducerConsumer2", "ProducerConsumer2\ProducerConsumer2.csproj", "{A15E055D-E825-4431-ADF8-622660D6EF97}"
EndProject
Global
	GlobalSection(SolutionConfigurationPlatforms) = preSolution
		Debug|Any CPU = Debug|Any CPU
		Release|Any CPU = Release|Any CPU
	EndGlobalSection
	GlobalSection(ProjectConfigurationPlatforms) = postSolution
		{A15E055D-E825-4431-ADF8-622660D6EF97}.Debug|Any CPU.ActiveCfg = Debug|Any CPU
		{A15E055D-E825-4431-ADF8-622660D6EF97}.Debug|Any CPU.Build.0 = Debug|Any CPU
		{A15E055D-E825-4431-ADF8-622660D6EF97}.Release|Any CPU.ActiveCfg = Release|Any CPU
		{A15E055D-E825-4431-ADF8-622660D6EF97}.Release|Any CPU.Build.0 = Release|Any CPU
	EndGlobalSection
	GlobalSection(SolutionProperties) = preSolution
		HideSolutionNode = FALSE
	EndGlobalSection
	GlobalSection(ExtensibilityGlobals) = postSolution
		SolutionGuid = {B7AC52D2-426A-444E-84DD-4C30C7B2DD67}
	EndGlobalSection
EndGlobal
